
Microsoft Visual Studio Solution File, Format Version 12.00
# Visual Studio Version 16
VisualStudioVersion = 16.0.29926.136
MinimumVisualStudioVersion = 10.0.40219.1
Project("{FAE04EC0-301F-11D3-BF4B-00C04F79EFBC}") = "GameImageUtil", "GameImageUtil\GameImageUtil.csproj", "{452F915B-CF21-4ED6-A3FB-AD33C274D9F5}"
EndProject
Global
	GlobalSection(SolutionConfigurationPlatforms) = preSolution
		Debug|x64 = Debug|x64
		Release|x64 = Release|x64
	EndGlobalSection
	GlobalSection(ProjectConfigurationPlatforms) = postSolution
		{452F915B-CF21-4ED6-A3FB-AD33C274D9F5}.Debug|x64.ActiveCfg = Debug|x64
		{452F915B-CF21-4ED6-A3FB-AD33C274D9F5}.Debug|x64.Build.0 = Debug|x64
		{452F915B-CF21-4ED6-A3FB-AD33C274D9F5}.Release|x64.ActiveCfg = Release|x64
		{452F915B-CF21-4ED6-A3FB-AD33C274D9F5}.Release|x64.Build.0 = Release|x64
	EndGlobalSection
	GlobalSection(SolutionProperties) = preSolution
		HideSolutionNode = FALSE
	EndGlobalSection
	GlobalSection(ExtensibilityGlobals) = postSolution
		SolutionGuid = {F6426453-A4BA-46F9-A416-6688C8D33189}
	EndGlobalSection
EndGlobal
