
Microsoft Visual Studio Solution File, Format Version 12.00
# Visual Studio 15
VisualStudioVersion = 15.0.28307.489
MinimumVisualStudioVersion = 10.0.40219.1
Project("{FAE04EC0-301F-11D3-BF4B-00C04F79EFBC}") = "CoDImageUtil", "CoDImageUtil\CoDImageUtil.csproj", "{A9A8F521-C821-41D7-958E-BC33ED471DF1}"
EndProject
Project("{FAE04EC0-301F-11D3-BF4B-00C04F79EFBC}") = "PhilLibX", "..\..\..\PhilLibX\src\PhilLibX\PhilLibX\PhilLibX.csproj", "{0F468D5B-2F30-42F5-9043-920040D83D9D}"
EndProject
Global
	GlobalSection(SolutionConfigurationPlatforms) = preSolution
		Debug|x64 = Debug|x64
		Release|x64 = Release|x64
	EndGlobalSection
	GlobalSection(ProjectConfigurationPlatforms) = postSolution
		{A9A8F521-C821-41D7-958E-BC33ED471DF1}.Debug|x64.ActiveCfg = Debug|x64
		{A9A8F521-C821-41D7-958E-BC33ED471DF1}.Debug|x64.Build.0 = Debug|x64
		{A9A8F521-C821-41D7-958E-BC33ED471DF1}.Release|x64.ActiveCfg = Release|x64
		{A9A8F521-C821-41D7-958E-BC33ED471DF1}.Release|x64.Build.0 = Release|x64
		{0F468D5B-2F30-42F5-9043-920040D83D9D}.Debug|x64.ActiveCfg = Debug|x64
		{0F468D5B-2F30-42F5-9043-920040D83D9D}.Debug|x64.Build.0 = Debug|x64
		{0F468D5B-2F30-42F5-9043-920040D83D9D}.Release|x64.ActiveCfg = Release|Any CPU
		{0F468D5B-2F30-42F5-9043-920040D83D9D}.Release|x64.Build.0 = Release|Any CPU
	EndGlobalSection
	GlobalSection(SolutionProperties) = preSolution
		HideSolutionNode = FALSE
	EndGlobalSection
	GlobalSection(ExtensibilityGlobals) = postSolution
		SolutionGuid = {5D94F735-FA45-4A01-970B-F57DFD185AB1}
	EndGlobalSection
EndGlobal
